
Microsoft Visual Studio Solution File, Format Version 12.00
# Visual Studio 15
VisualStudioVersion = 15.0.26730.8
MinimumVisualStudioVersion = 10.0.40219.1
Project("{E24C65DC-7377-472B-9ABA-BC803B73C61A}") = "PhoneNumberCheck", ".", "{93E202B3-3811-46B1-B37D-7A6E06E4988D}"
	ProjectSection(WebsiteProperties) = preProject
		TargetFrameworkMoniker = ".NETFramework,Version%3Dv3.5"
		Debug.AspNetCompiler.VirtualPath = "/PhoneNumberCheck"
		Debug.AspNetCompiler.PhysicalPath = "..\PhoneNumberCheck\"
		Debug.AspNetCompiler.TargetPath = "PrecompiledWeb\PhoneNumberCheck\"
		Debug.AspNetCompiler.Updateable = "true"
		Debug.AspNetCompiler.ForceOverwrite = "true"
		Debug.AspNetCompiler.FixedNames = "false"
		Debug.AspNetCompiler.Debug = "True"
		Release.AspNetCompiler.VirtualPath = "/PhoneNumberCheck"
		Release.AspNetCompiler.PhysicalPath = "..\PhoneNumberCheck\"
		Release.AspNetCompiler.TargetPath = "PrecompiledWeb\PhoneNumberCheck\"
		Release.AspNetCompiler.Updateable = "true"
		Release.AspNetCompiler.ForceOverwrite = "true"
		Release.AspNetCompiler.FixedNames = "false"
		Release.AspNetCompiler.Debug = "False"
		VWDPort = "1292"
		DefaultWebSiteLanguage = "Visual C#"
	EndProjectSection
EndProject
Global
	GlobalSection(SolutionConfigurationPlatforms) = preSolution
		Debug|Any CPU = Debug|Any CPU
	EndGlobalSection
	GlobalSection(ProjectConfigurationPlatforms) = postSolution
		{93E202B3-3811-46B1-B37D-7A6E06E4988D}.Debug|Any CPU.ActiveCfg = Debug|Any CPU
		{93E202B3-3811-46B1-B37D-7A6E06E4988D}.Debug|Any CPU.Build.0 = Debug|Any CPU
	EndGlobalSection
	GlobalSection(SolutionProperties) = preSolution
		HideSolutionNode = FALSE
	EndGlobalSection
	GlobalSection(ExtensibilityGlobals) = postSolution
		SolutionGuid = {491702AA-FC2F-4045-AA1D-C6D36BAEB7EE}
	EndGlobalSection
EndGlobal
